
Microsoft Visual Studio Solution File, Format Version 12.00
# Visual Studio 15
VisualStudioVersion = 15.0.28307.902
MinimumVisualStudioVersion = 10.0.40219.1
Project("{FAE04EC0-301F-11D3-BF4B-00C04F79EFBC}") = "CSVReader", "CSVReader\CSVReader.csproj", "{55EC87F2-D0ED-4980-8273-824FB36F5D1F}"
EndProject
Project("{FAE04EC0-301F-11D3-BF4B-00C04F79EFBC}") = "TestCsvReader", "TestCsvReader\TestCsvReader.csproj", "{3DC37259-A93D-4BD9-ADC4-A0D1F5D1889A}"
EndProject
Global
	GlobalSection(SolutionConfigurationPlatforms) = preSolution
		Debug|Any CPU = Debug|Any CPU
		Release|Any CPU = Release|Any CPU
	EndGlobalSection
	GlobalSection(ProjectConfigurationPlatforms) = postSolution
		{55EC87F2-D0ED-4980-8273-824FB36F5D1F}.Debug|Any CPU.ActiveCfg = Debug|Any CPU
		{55EC87F2-D0ED-4980-8273-824FB36F5D1F}.Debug|Any CPU.Build.0 = Debug|Any CPU
		{55EC87F2-D0ED-4980-8273-824FB36F5D1F}.Release|Any CPU.ActiveCfg = Release|Any CPU
		{55EC87F2-D0ED-4980-8273-824FB36F5D1F}.Release|Any CPU.Build.0 = Release|Any CPU
		{3DC37259-A93D-4BD9-ADC4-A0D1F5D1889A}.Debug|Any CPU.ActiveCfg = Debug|Any CPU
		{3DC37259-A93D-4BD9-ADC4-A0D1F5D1889A}.Debug|Any CPU.Build.0 = Debug|Any CPU
		{3DC37259-A93D-4BD9-ADC4-A0D1F5D1889A}.Release|Any CPU.ActiveCfg = Release|Any CPU
		{3DC37259-A93D-4BD9-ADC4-A0D1F5D1889A}.Release|Any CPU.Build.0 = Release|Any CPU
	EndGlobalSection
	GlobalSection(SolutionProperties) = preSolution
		HideSolutionNode = FALSE
	EndGlobalSection
	GlobalSection(ExtensibilityGlobals) = postSolution
		SolutionGuid = {DD523393-F440-4517-A525-E78E1C1BF636}
	EndGlobalSection
EndGlobal
